<?xml version="1.0" encoding="utf-8"?>
<Project ToolsVersion="4.0" xmlns="http://schemas.microsoft.com/developer/msbuild/2003">
  <ItemGroup>
    <Filter Include="源文件">
      <UniqueIdentifier>{4FC737F1-C7A5-4376-A066-2A32D752A2FF}</UniqueIdentifier>
      <Extensions>cpp;c;cc;cxx;c++;cppm;ixx;def;odl;idl;hpj;bat;asm;asmx</Extensions>
    </Filter>
    <Filter Include="头文件">
      <UniqueIdentifier>{93995380-89BD-4b04-88EB-625FBE52EBFB}</UniqueIdentifier>
      <Extensions>h;hh;hpp;hxx;h++;hm;inl;inc;ipp;xsd</Extensions>
    </Filter>
    <Filter Include="资源文件">
      <UniqueIdentifier>{67DA6AB6-F800-4c08-8B7A-83BB121AAD01}</UniqueIdentifier>
      <Extensions>rc;ico;cur;bmp;dlg;rc2;rct;bin;rgs;gif;jpg;jpeg;jpe;resx;tiff;tif;png;wav;mfcribbon-ms</Extensions>
    </Filter>
    <Filter Include="common">
      <UniqueIdentifier>{3ee6440c-d822-4e18-8be0-35df25261f6d}</UniqueIdentifier>
    </Filter>
  </ItemGroup>
  <ItemGroup>
    <ClCompile Include="dllmain.c">
      <Filter>源文件</Filter>
    </ClCompile>
    <ClCompile Include="sbieapi.c">
      <Filter>源文件</Filter>
    </ClCompile>
    <ClCompile Include="file.c">
      <Filter>源文件</Filter>
    </ClCompile>
    <ClCompile Include="dllmem.c">
      <Filter>源文件</Filter>
    </ClCompile>
    <ClCompile Include="my_ntdll.c">
      <Filter>源文件</Filter>
    </ClCompile>
    <ClCompile Include="pool.c">
      <Filter>源文件</Filter>
    </ClCompile>
    <ClCompile Include="rpcrt.c">
      <Filter>源文件</Filter>
    </ClCompile>
    <ClCompile Include="..\common\list.c">
      <Filter>common</Filter>
    </ClCompile>
    <ClCompile Include="callsvc.c">
      <Filter>源文件</Filter>
    </ClCompile>
    <ClCompile Include="support.c">
      <Filter>源文件</Filter>
    </ClCompile>
    <ClCompile Include="lowlevel_inject.c">
      <Filter>源文件</Filter>
    </ClCompile>
    <ClCompile Include="proc.c">
      <Filter>源文件</Filter>
    </ClCompile>
    <ClCompile Include="dllhook.c">
      <Filter>源文件</Filter>
    </ClCompile>
  </ItemGroup>
  <ItemGroup>
    <ClInclude Include="dll.h">
      <Filter>头文件</Filter>
    </ClInclude>
    <ClInclude Include="sbieapi.h">
      <Filter>头文件</Filter>
    </ClInclude>
    <ClInclude Include="..\common\win32_ntddk.h">
      <Filter>common</Filter>
    </ClInclude>
    <ClInclude Include="sbiedll.h">
      <Filter>头文件</Filter>
    </ClInclude>
    <ClInclude Include="pool.h">
      <Filter>头文件</Filter>
    </ClInclude>
    <ClInclude Include="..\common\list.h">
      <Filter>common</Filter>
    </ClInclude>
    <ClInclude Include="..\common\defines.h">
      <Filter>common</Filter>
    </ClInclude>
    <ClInclude Include="ntproto.h">
      <Filter>头文件</Filter>
    </ClInclude>
  </ItemGroup>
</Project>